:root{
  --bg:#eef2f6;
  --card:#fff;
  --text:#07182f;
  --muted:#607086;
  --line:#dce4ee;
  --orange:#ff7a00;
  --green:#50c45a;
  --red:#ef4444;
  --shadow:0 12px 34px rgba(15,23,42,.09);
}
*{box-sizing:border-box}html,body,#root{margin:0;min-height:100%;font-family:Inter,system-ui,-apple-system,BlinkMacSystemFont,"Segoe UI",sans-serif;color:var(--text)}body{background:#111}.appShell{min-height:100vh;background:#111;display:flex;justify-content:center}.phoneFrame{position:relative;width:min(100vw,520px);min-height:100vh;background:var(--bg);overflow:hidden}.loadingCard{margin:40px auto;padding:24px;border-radius:24px;background:#fff;width:min(90%,420px);font-weight:900;text-align:center}.appHeader{position:sticky;top:0;z-index:30;height:64px;display:grid;grid-template-columns:58px 1fr 58px 58px 58px;background:#fff;border-bottom:1px solid var(--line)}.headerBack,.headerIcon{border:0;background:#fff;border-right:1px solid var(--line);font-size:30px;font-weight:900;color:#26364c}.headerBack{font-size:48px;line-height:1;padding-bottom:7px}.brandName{display:flex;align-items:center;padding:0 14px;font-weight:950;letter-spacing:.01em;white-space:nowrap;overflow:hidden;text-overflow:ellipsis}.profileIcon{font-size:23px}.cartIcon{position:relative;font-size:24px}.cartIcon span{position:absolute;right:8px;top:8px;min-width:22px;height:22px;border-radius:99px;background:#ef3333;color:#fff;font-size:12px;display:grid;place-items:center;border:3px solid #fff}.categoryTabs{position:sticky;top:64px;z-index:25;display:flex;gap:10px;padding:10px 14px;background:#fff;overflow-x:auto;border-bottom:1px solid var(--line);scrollbar-width:none}.categoryTabs::-webkit-scrollbar{display:none}.categoryTabs button{flex:0 0 auto;border:1px solid var(--line);background:#fff;color:#64748b;border-radius:999px;padding:10px 18px;font-size:15px;font-weight:950}.categoryTabs button.active{border-color:var(--orange);background:#fff6ed;color:var(--orange)}.menuContent{height:calc(100vh - 119px);overflow-y:auto;padding:14px 14px 105px}.heroCard{position:relative;height:164px;overflow:hidden;border-radius:24px;background:#111;box-shadow:var(--shadow);margin-bottom:16px}.heroCard img{width:100%;height:100%;object-fit:cover;opacity:.75}.heroShade{position:absolute;inset:0;background:linear-gradient(to top,rgba(0,0,0,.72),rgba(0,0,0,.1) 56%,rgba(0,0,0,.05))}.heroCopy{position:absolute;left:18px;right:18px;bottom:18px;color:#fff}.heroCopy h1{margin:9px 0 3px;font-size:29px;line-height:1;font-weight:950}.heroCopy p{margin:0;font-size:13px;font-weight:850}.statusPill{display:inline-flex;border-radius:999px;padding:6px 10px;font-size:12px;font-weight:950;background:rgba(255,255,255,.17);backdrop-filter:blur(6px)}.statusPill.open{background:rgba(34,197,94,.9)}.statusPill.closed{background:rgba(239,68,68,.95)}.closedNote{margin:0 0 14px;padding:12px 14px;border:1px solid #ffd8b0;border-radius:14px;background:#fff7ed;color:#9a3412;font-size:13px}.searchBox{display:grid;grid-template-columns:24px 1fr 34px;align-items:center;height:54px;border:1px solid var(--line);background:#fff;border-radius:20px;padding:0 14px;margin-bottom:18px;box-shadow:0 7px 22px rgba(15,23,42,.04)}.searchBox span{color:#95a0b2}.searchBox input{height:100%;border:0;outline:0;background:transparent;font-size:17px;font-weight:800;color:var(--text)}.searchBox input::placeholder{color:#99a3b4}.searchBox button{border:0;background:transparent;font-size:24px;color:#426187}.menuSection{margin-bottom:20px}.sectionHead{display:flex;justify-content:space-between;align-items:flex-start;margin:0 2px 12px}.sectionHead h2{margin:0;font-size:29px;line-height:1;font-weight:950;letter-spacing:-.04em}.sectionHead p{margin:4px 0 0;color:#5d6e85;font-size:14px;font-weight:800}.sectionHead span{background:#e8eef5;border-radius:999px;padding:7px 14px;color:#607086;font-weight:950;white-space:nowrap}.productList{display:grid;gap:12px}.productCard{position:relative;width:100%;min-height:108px;display:grid;grid-template-columns:96px minmax(0,1fr) 92px;gap:12px;align-items:center;text-align:left;border:1px solid var(--line);background:#fff;border-radius:24px;padding:6px 44px 6px 6px;box-shadow:0 8px 20px rgba(15,23,42,.045);overflow:hidden}.productCard:active{transform:scale(.992)}.productCard.selected{border-color:var(--orange);background:#fffaf5}.productCard.soldOut{opacity:.55}.productImageWrap{position:relative;width:96px;height:96px}.productImageWrap img{width:100%;height:100%;object-fit:cover;border-radius:18px;display:block}.plusButton{position:absolute;right:-9px;bottom:8px;width:34px;height:34px;border-radius:11px;background:linear-gradient(135deg,#ffb45c,var(--orange));color:#fff;display:grid;place-items:center;font-size:26px;font-weight:950;border:3px solid #fff;box-shadow:0 10px 24px rgba(255,122,0,.32)}.productInfo{min-width:0}.productTitleLine{display:flex;align-items:center;gap:8px;min-width:0}.productTitleLine strong{font-size:18px;font-weight:950;line-height:1.05;white-space:nowrap;overflow:hidden;text-overflow:ellipsis}.productTitleLine em{font-style:normal;border-radius:999px;background:#e9fbea;color:#138a3d;padding:3px 8px;font-size:11px;font-weight:950}.productInfo p{margin:5px 0 0;color:#486079;font-size:13px;line-height:1.23;display:-webkit-box;-webkit-line-clamp:2;-webkit-box-orient:vertical;overflow:hidden}.productInfo small{display:block;margin-top:6px;color:#607086;font-weight:900}.productPrice{align-self:center;justify-self:end;text-align:right;min-width:78px;color:#34445b}.productPrice b{font-size:14px;font-weight:950}.bottomCartBar{position:absolute;left:0;right:0;bottom:0;z-index:28;padding:12px 14px calc(12px + env(safe-area-inset-bottom));background:rgba(255,255,255,.92);backdrop-filter:blur(9px);border-top:1px solid var(--line)}.bottomCartBar button{width:100%;border:0;border-radius:18px;background:var(--orange);color:#fff;padding:15px 16px;display:grid;grid-template-columns:1fr auto auto;gap:12px;align-items:center;box-shadow:0 14px 30px rgba(255,122,0,.26)}.bottomCartBar span{text-align:left;font-weight:900}.bottomCartBar strong,.bottomCartBar b{font-size:16px}.modalBackdrop{position:absolute;inset:0;z-index:60;background:rgba(15,23,42,.42);backdrop-filter:blur(4px)}.productSheet,.cartSheet,.infoSheet{position:absolute;left:0;right:0;bottom:0;max-height:94%;background:#fff;border-radius:30px 30px 0 0;box-shadow:0 -20px 50px rgba(0,0,0,.23);overflow:hidden}.sheetScroll{max-height:calc(94vh - 80px);overflow-y:auto;padding-bottom:12px}.sheetHero{position:relative;height:235px;background:#111}.sheetHero img{width:100%;height:100%;object-fit:cover}.sheetHero:after{content:"";position:absolute;inset:0;background:linear-gradient(to top,rgba(0,0,0,.75),transparent 65%)}.sheetHero button{position:absolute;right:16px;top:16px;z-index:2;border:0;background:#fff;width:48px;height:48px;border-radius:50%;font-size:30px;color:#29384f}.sheetHero div{position:absolute;left:20px;right:20px;bottom:20px;z-index:2;color:#fff}.sheetHero h2{margin:0;font-size:30px;line-height:1.05;font-weight:950}.sheetHero p{margin:5px 0 0;font-size:14px}.sheetBody{padding:20px}.groupTitle{display:flex;align-items:baseline;gap:8px;margin:12px 0 10px}.groupTitle h3{margin:0;font-size:20px;font-weight:950}.groupTitle span{font-size:13px;color:var(--orange);font-weight:950}.choiceBox{border:1px solid var(--line);border-radius:20px;overflow:hidden;background:#fff;margin-bottom:18px}.choice{display:grid;grid-template-columns:32px 1fr auto;gap:10px;align-items:center;padding:15px 16px;border-bottom:1px solid var(--line);font-weight:900;color:#46576c}.choice:last-child{border-bottom:0}.choice.selected{background:#ecfbef;box-shadow:inset 4px 0 0 var(--green)}.choice input{width:24px;height:24px;accent-color:var(--green)}.choice strong{font-weight:950;color:#34445b}.sheetFooter{position:absolute;left:0;right:0;bottom:0;display:grid;grid-template-columns:126px 1fr;background:var(--orange);color:#fff}.sheetFooter div,.sheetFooter button{height:78px;display:grid;place-items:center;border:0;background:transparent;color:#fff;font-weight:950;font-size:18px}.sheetFooter div{border-right:1px solid rgba(255,255,255,.23)}.cartSheet,.infoSheet{padding-bottom:env(safe-area-inset-bottom)}.simpleHeader{height:78px;display:flex;align-items:center;justify-content:space-between;padding:0 22px;border-bottom:1px solid var(--line)}.simpleHeader h2{margin:0;font-size:25px;font-weight:950}.simpleHeader button{width:48px;height:48px;border-radius:50%;border:1px solid var(--line);background:#fff;font-size:26px}.cartLines{max-height:52vh;overflow:auto;padding:14px}.cartLine{display:grid;grid-template-columns:1fr auto 38px;gap:10px;border-bottom:1px solid var(--line);padding:13px 0}.cartLine strong{display:block;font-size:15px}.cartLine small{display:block;color:#64748b;margin-top:3px}.cartLine b{align-self:start}.cartLine button{border:0;background:#f05252;color:#fff;border-radius:10px;width:32px;height:32px;font-size:19px}.cartFooter{padding:16px 18px 20px;border-top:1px solid var(--line)}.cartFooter div{display:flex;justify-content:space-between;font-size:18px;font-weight:950;margin-bottom:14px}.cartFooter button,.checkoutBottom button{width:100%;height:58px;border:0;border-radius:0;background:var(--orange);color:#fff;font-size:18px;font-weight:950}.cartFooter button:disabled,.checkoutBottom button:disabled{opacity:.5}.cartFooter p{font-size:13px;color:#9a3412;background:#fff7ed;border:1px solid #ffd8b0;border-radius:14px;padding:10px}.checkoutPage,.trackerPage{height:100vh;overflow-y:auto;background:var(--bg);padding:0 14px 98px}.screenTop{position:sticky;top:0;height:72px;display:flex;align-items:center;gap:14px;background:var(--bg);z-index:20}.screenTop button{border:1px solid var(--line);background:#fff;width:48px;height:48px;border-radius:50%;font-size:40px;line-height:1;color:#29384f}.screenTop h1{font-size:24px;font-weight:950;margin:0}.checkoutCard,.trackerCard,.trackerItems{background:#fff;border:1px solid var(--line);border-radius:24px;padding:18px;margin-bottom:14px;box-shadow:var(--shadow)}.checkoutCard h2{margin:0 0 14px;font-size:19px}.checkoutLine,.checkoutTotal{display:flex;justify-content:space-between;gap:10px;padding:10px 0;border-bottom:1px dashed var(--line)}.checkoutTotal{border-bottom:0;font-size:19px;font-weight:950}.pickupModes{display:grid;grid-template-columns:1fr 1fr;gap:10px;margin-bottom:14px}.pickupModes label{border:1px solid var(--line);border-radius:16px;padding:16px;font-weight:950}.pickupModes label.selected{background:#f1f5f9;box-shadow:inset 0 0 0 2px #d6e0ec}.checkoutCard label{display:block;font-weight:900;margin:12px 0}.checkoutCard input{width:100%;height:54px;border:1px solid var(--line);border-radius:16px;padding:0 14px;font-size:17px;margin-top:6px}.errorBox{background:#fff1f2;border:1px solid #fecdd3;border-radius:14px;padding:10px;color:#b91c1c}.checkoutBottom{position:absolute;left:0;right:0;bottom:0;padding:12px 14px;background:rgba(255,255,255,.95);border-top:1px solid var(--line)}.trackerCard h2{margin:6px 0 12px;font-size:34px}.trackerCard small{color:#64748b}.readyBox{height:185px;border-radius:24px;background:#ecfbef;border:1px solid #bbf7d0;display:grid;place-items:center;text-align:center}.readyBox strong{font-size:58px;color:#f0174f;line-height:1}.trackerItems article{display:flex;justify-content:space-between;border-bottom:1px dashed var(--line);padding:12px 0}.trackerItems small{display:block;color:#64748b;margin-top:5px}.muted{color:#64748b;line-height:1.45;padding:0 22px}.infoCard{margin:14px 20px;padding:17px;border:1px solid var(--line);border-radius:20px;background:#fff}.infoCard strong,.infoCard span,.infoCard b{display:block}.infoCard strong{font-size:18px;margin-bottom:10px}.infoCard span{color:#475569}.infoCard b{margin-top:8px}.profileSearch{padding:0 20px 14px;display:grid;grid-template-columns:1fr 82px;gap:10px}.profileSearch label{font-weight:900}.profileSearch input{width:100%;height:50px;border:1px solid var(--line);border-radius:14px;padding:0 12px;margin-top:6px}.profileSearch button{align-self:end;height:50px;border:0;border-radius:14px;background:#26364c;color:#fff;font-weight:950}.profileOrders{padding:0 20px 20px}.profileOrder{display:flex;justify-content:space-between;align-items:center;border:1px solid var(--line);border-left:5px solid #f59e0b;border-radius:20px;padding:15px;margin-bottom:10px}.profileOrder.accepted{border-left-color:var(--green)}.profileOrder.cancelled{border-left-color:var(--red)}.profileOrder small{display:block;color:#64748b;margin-top:5px}.profileOrder span{border-radius:99px;padding:6px 10px;background:#edf2f7;font-weight:950}.emptyText{color:#64748b;text-align:center;padding:22px}
@media (min-width:700px){.phoneFrame{width:min(100vw,760px)}.menuContent{padding-left:22px;padding-right:22px}.productCard{grid-template-columns:112px minmax(0,1fr) 135px;min-height:124px;padding:7px 54px 7px 7px;border-radius:28px}.productImageWrap{width:112px;height:112px}.productImageWrap img{border-radius:22px}.productTitleLine strong{font-size:20px}.productInfo p{font-size:14px}.productPrice b{font-size:16px}.sectionHead h2{font-size:34px}.heroCard{height:190px}.heroCopy h1{font-size:34px}.productSheet,.cartSheet,.infoSheet{left:50%;transform:translateX(-50%);max-width:640px;border-radius:30px 30px 0 0}}
@media (max-width:380px){.brandName{font-size:14px}.appHeader{grid-template-columns:52px 1fr 52px 52px 52px}.categoryTabs{top:64px}.productCard{grid-template-columns:84px minmax(0,1fr) 76px;min-height:98px;padding:6px 42px 6px 6px;gap:10px}.productImageWrap{width:84px;height:84px}.productImageWrap img{border-radius:16px}.productTitleLine strong{font-size:16px}.productInfo p{font-size:12px}.productPrice b{font-size:13px}.plusButton{width:32px;height:32px}.sectionHead h2{font-size:26px}}
